// !$*UTF8*$!
{
	archiveVersion = 1;
	classes = {
	};
	objectVersion = 50;
	objects = {

/* Begin PBXBuildFile section */
		A8345C8820F487A1002BB6AE /* AppDelegate.m in Sources */ = {isa = PBXBuildFile; fileRef = A8345C8720F487A1002BB6AE /* AppDelegate.m */; };
		A8345C8B20F487A1002BB6AE /* ViewController.m in Sources */ = {isa = PBXBuildFile; fileRef = A8345C8A20F487A1002BB6AE /* ViewController.m */; };
		A8345C8E20F487A1002BB6AE /* Main.storyboard in Resources */ = {isa = PBXBuildFile; fileRef = A8345C8C20F487A1002BB6AE /* Main.storyboard */; };
		A8345C9020F487A2002BB6AE /* Assets.xcassets in Resources */ = {isa = PBXBuildFile; fileRef = A8345C8F20F487A2002BB6AE /* Assets.xcassets */; };
		A8345C9320F487A2002BB6AE /* LaunchScreen.storyboard in Resources */ = {isa = PBXBuildFile; fileRef = A8345C9120F487A2002BB6AE /* LaunchScreen.storyboard */; };
		A8345C9620F487A2002BB6AE /* main.m in Sources */ = {isa = PBXBuildFile; fileRef = A8345C9520F487A2002BB6AE /* main.m */; };
		A8345CA120F48F2A002BB6AE /* WebViewInjector.m in Sources */ = {isa = PBXBuildFile; fileRef = A8345CA020F48F2A002BB6AE /* WebViewInjector.m */; };
		A8345CA320F49319002BB6AE /* test-framework.html in Resources */ = {isa = PBXBuildFile; fileRef = A8345CA220F49319002BB6AE /* test-framework.html */; };
/* End PBXBuildFile section */

/* Begin PBXFileReference section */
		A8345C8320F487A1002BB6AE /* JsWebView.app */ = {isa = PBXFileReference; explicitFileType = wrapper.application; includeInIndex = 0; path = JsWebView.app; sourceTree = BUILT_PRODUCTS_DIR; };
		A8345C8620F487A1002BB6AE /* AppDelegate.h */ = {isa = PBXFileReference; lastKnownFileType = sourcecode.c.h; path = AppDelegate.h; sourceTree = "<group>"; };
		A8345C8720F487A1002BB6AE /* AppDelegate.m */ = {isa = PBXFileReference; lastKnownFileType = sourcecode.c.objc; path = AppDelegate.m; sourceTree = "<group>"; };
		A8345C8920F487A1002BB6AE /* ViewController.h */ = {isa = PBXFileReference; lastKnownFileType = sourcecode.c.h; path = ViewController.h; sourceTree = "<group>"; };
		A8345C8A20F487A1002BB6AE /* ViewController.m */ = {isa = PBXFileReference; lastKnownFileType = sourcecode.c.objc; path = ViewController.m; sourceTree = "<group>"; };
		A8345C8D20F487A1002BB6AE /* Base */ = {isa = PBXFileReference; lastKnownFileType = file.storyboard; name = Base; path = Base.lproj/Main.storyboard; sourceTree = "<group>"; };
		A8345C8F20F487A2002BB6AE /* Assets.xcassets */ = {isa = PBXFileReference; lastKnownFileType = folder.assetcatalog; path = Assets.xcassets; sourceTree = "<group>"; };
		A8345C9220F487A2002BB6AE /* Base */ = {isa = PBXFileReference; lastKnownFileType = file.storyboard; name = Base; path = Base.lproj/LaunchScreen.storyboard; sourceTree = "<group>"; };
		A8345C9420F487A2002BB6AE /* Info.plist */ = {isa = PBXFileReference; lastKnownFileType = text.plist.xml; path = Info.plist; sourceTree = "<group>"; };
		A8345C9520F487A2002BB6AE /* main.m */ = {isa = PBXFileReference; lastKnownFileType = sourcecode.c.objc; path = main.m; sourceTree = "<group>"; };
		A8345C9F20F48F2A002BB6AE /* WebViewInjector.h */ = {isa = PBXFileReference; lastKnownFileType = sourcecode.c.h; path = WebViewInjector.h; sourceTree = "<group>"; };
		A8345CA020F48F2A002BB6AE /* WebViewInjector.m */ = {isa = PBXFileReference; lastKnownFileType = sourcecode.c.objc; path = WebViewInjector.m; sourceTree = "<group>"; };
		A8345CA220F49319002BB6AE /* test-framework.html */ = {isa = PBXFileReference; fileEncoding = 4; lastKnownFileType = text.html; name = "test-framework.html"; path = "../../android/app/src/main/assets/test-framework.html"; sourceTree = "<group>"; };
/* End PBXFileReference section */

/* Begin PBXFrameworksBuildPhase section */
		A8345C8020F487A1002BB6AE /* Frameworks */ = {
			isa = PBXFrameworksBuildPhase;
			buildActionMask = 2147483647;
			files = (
			);
			runOnlyForDeploymentPostprocessing = 0;
		};
/* End PBXFrameworksBuildPhase section */

/* Begin PBXGroup section */
		A8345C7A20F487A1002BB6AE = {
			isa = PBXGroup;
			children = (
				A8345C8520F487A1002BB6AE /* JsWebView */,
				A8345C8420F487A1002BB6AE /* Products */,
			);
			sourceTree = "<group>";
		};
		A8345C8420F487A1002BB6AE /* Products */ = {
			isa = PBXGroup;
			children = (
				A8345C8320F487A1002BB6AE /* JsWebView.app */,
			);
			name = Products;
			sourceTree = "<group>";
		};
		A8345C8520F487A1002BB6AE /* JsWebView */ = {
			isa = PBXGroup;
			children = (
				A8345CA220F49319002BB6AE /* test-framework.html */,
				A8345C9E20F48E0E002BB6AE /* JsFramework */,
				A8345C8620F487A1002BB6AE /* AppDelegate.h */,
				A8345C8720F487A1002BB6AE /* AppDelegate.m */,
				A8345C8920F487A1002BB6AE /* ViewController.h */,
				A8345C8A20F487A1002BB6AE /* ViewController.m */,
				A8345C8C20F487A1002BB6AE /* Main.storyboard */,
				A8345C8F20F487A2002BB6AE /* Assets.xcassets */,
				A8345C9120F487A2002BB6AE /* LaunchScreen.storyboard */,
				A8345C9420F487A2002BB6AE /* Info.plist */,
				A8345C9520F487A2002BB6AE /* main.m */,
			);
			path = JsWebView;
			sourceTree = "<group>";
		};
		A8345C9E20F48E0E002BB6AE /* JsFramework */ = {
			isa = PBXGroup;
			children = (
				A8345C9F20F48F2A002BB6AE /* WebViewInjector.h */,
				A8345CA020F48F2A002BB6AE /* WebViewInjector.m */,
			);
			path = JsFramework;
			sourceTree = "<group>";
		};
/* End PBXGroup section */

/* Begin PBXNativeTarget section */
		A8345C8220F487A1002BB6AE /* JsWebView */ = {
			isa = PBXNativeTarget;
			buildConfigurationList = A8345C9920F487A2002BB6AE /* Build configuration list for PBXNativeTarget "JsWebView" */;
			buildPhases = (
				A8345C7F20F487A1002BB6AE /* Sources */,
				A8345C8020F487A1002BB6AE /* Frameworks */,
				A8345C8120F487A1002BB6AE /* Resources */,
			);
			buildRules = (
			);
			dependencies = (
			);
			name = JsWebView;
			productName = JsWebView;
			productReference = A8345C8320F487A1002BB6AE /* JsWebView.app */;
			productType = "com.apple.product-type.application";
		};
/* End PBXNativeTarget section */

/* Begin PBXProject section */
		A8345C7B20F487A1002BB6AE /* Project object */ = {
			isa = PBXProject;
			attributes = {
				LastUpgradeCheck = 0940;
				ORGANIZATIONNAME = hursing;
				TargetAttributes = {
					A8345C8220F487A1002BB6AE = {
						CreatedOnToolsVersion = 9.4;
					};
				};
			};
			buildConfigurationList = A8345C7E20F487A1002BB6AE /* Build configuration list for PBXProject "JsWebView" */;
			compatibilityVersion = "Xcode 9.3";
			developmentRegion = en;
			hasScannedForEncodings = 0;
			knownRegions = (
				en,
				Base,
			);
			mainGroup = A8345C7A20F487A1002BB6AE;
			productRefGroup = A8345C8420F487A1002BB6AE /* Products */;
			projectDirPath = "";
			projectRoot = "";
			targets = (
				A8345C8220F487A1002BB6AE /* JsWebView */,
			);
		};
/* End PBXProject section */

/* Begin PBXResourcesBuildPhase section */
		A8345C8120F487A1002BB6AE /* Resources */ = {
			isa = PBXResourcesBuildPhase;
			buildActionMask = 2147483647;
			files = (
				A8345C9320F487A2002BB6AE /* LaunchScreen.storyboard in Resources */,
				A8345CA320F49319002BB6AE /* test-framework.html in Resources */,
				A8345C9020F487A2002BB6AE /* Assets.xcassets in Resources */,
				A8345C8E20F487A1002BB6AE /* Main.storyboard in Resources */,
			);
			runOnlyForDeploymentPostprocessing = 0;
		};
/* End PBXResourcesBuildPhase section */

/* Begin PBXSourcesBuildPhase section */
		A8345C7F20F487A1002BB6AE /* Sources */ = {
			isa = PBXSourcesBuildPhase;
			buildActionMask = 2147483647;
			files = (
				A8345C8B20F487A1002BB6AE /* ViewController.m in Sources */,
				A8345C9620F487A2002BB6AE /* main.m in Sources */,
				A8345C8820F487A1002BB6AE /* AppDelegate.m in Sources */,
				A8345CA120F48F2A002BB6AE /* WebViewInjector.m in Sources */,
			);
			runOnlyForDeploymentPostprocessing = 0;
		};
/* End PBXSourcesBuildPhase section */

/* Begin PBXVariantGroup section */
		A8345C8C20F487A1002BB6AE /* Main.storyboard */ = {
			isa = PBXVariantGroup;
			children = (
				A8345C8D20F487A1002BB6AE /* Base */,
			);
			name = Main.storyboard;
			sourceTree = "<group>";
		};
		A8345C9120F487A2002BB6AE /* LaunchScreen.storyboard */ = {
			isa = PBXVariantGroup;
			children = (
				A8345C9220F487A2002BB6AE /* Base */,
			);
			name = LaunchScreen.storyboard;
			sourceTree = "<group>";
		};
/* End PBXVariantGroup section */

/* Begin XCBuildConfiguration section */
		A8345C9720F487A2002BB6AE /* Debug */ = {
			isa = XCBuildConfiguration;
			buildSettings = {
				ALWAYS_SEARCH_USER_PATHS = NO;
				CLANG_ANALYZER_NONNULL = YES;
				CLANG_ANALYZER_NUMBER_OBJECT_CONVERSION = YES_AGGRESSIVE;
				CLANG_CXX_LANGUAGE_STANDARD = "gnu++14";
				CLANG_CXX_LIBRARY = "libc++";
				CLANG_ENABLE_MODULES = YES;
				CLANG_ENABLE_OBJC_ARC = YES;
				CLANG_ENABLE_OBJC_WEAK = YES;
				CLANG_WARN_BLOCK_CAPTURE_AUTORELEASING = YES;
				CLANG_WARN_BOOL_CONVERSION = YES;
				CLANG_WARN_COMMA = YES;
				CLANG_WARN_CONSTANT_CONVERSION = YES;
				CLANG_WARN_DEPRECATED_OBJC_IMPLEMENTATIONS = YES;
				CLANG_WARN_DIRECT_OBJC_ISA_USAGE = YES_ERROR;
				CLANG_WARN_DOCUMENTATION_COMMENTS = YES;
				CLANG_WARN_EMPTY_BODY = YES;
				CLANG_WARN_ENUM_CONVERSION = YES;
				CLANG_WARN_INFINITE_RECURSION = YES;
				CLANG_WARN_INT_CONVERSION = YES;
				CLANG_WARN_NON_LITERAL_NULL_CONVERSION = YES;
				CLANG_WARN_OBJC_IMPLICIT_RETAIN_SELF = YES;
				CLANG_WARN_OBJC_LITERAL_CONVERSION = YES;
				CLANG_WARN_OBJC_ROOT_CLASS = YES_ERROR;
				CLANG_WARN_RANGE_LOOP_ANALYSIS = YES;
				CLANG_WARN_STRICT_PROTOTYPES = YES;
				CLANG_WARN_SUSPICIOUS_MOVE = YES;
				CLANG_WARN_UNGUARDED_AVAILABILITY = YES_AGGRESSIVE;
				CLANG_WARN_UNREACHABLE_CODE = YES;
				CLANG_WARN__DUPLICATE_METHOD_MATCH = YES;
				CODE_SIGN_IDENTITY = "iPhone Developer";
				COPY_PHASE_STRIP = NO;
				DEBUG_INFORMATION_FORMAT = dwarf;
				ENABLE_STRICT_OBJC_MSGSEND = YES;
				ENABLE_TESTABILITY = YES;
				GCC_C_LANGUAGE_STANDARD = gnu11;
				GCC_DYNAMIC_NO_PIC = NO;
				GCC_NO_COMMON_BLOCKS = YES;
				GCC_OPTIMIZATION_LEVEL = 0;
				GCC_PREPROCESSOR_DEFINITIONS = (
					"DEBUG=1",
					"$(inherited)",
				);
				GCC_WARN_64_TO_32_BIT_CONVERSION = YES;
				GCC_WARN_ABOUT_RETURN_TYPE = YES_ERROR;
				GCC_WARN_UNDECLARED_SELECTOR = YES;
				GCC_WARN_UNINITIALIZED_AUTOS = YES_AGGRESSIVE;
				GCC_WARN_UNUSED_FUNCTION = YES;
				GCC_WARN_UNUSED_VARIABLE = YES;
				IPHONEOS_DEPLOYMENT_TARGET = 11.4;
				MTL_ENABLE_DEBUG_INFO = YES;
				ONLY_ACTIVE_ARCH = YES;
				SDKROOT = iphoneos;
			};
			name = Debug;
		};
		A8345C9820F487A2002BB6AE /* Release */ = {
			isa = XCBuildConfiguration;
			buildSettings = {
				ALWAYS_SEARCH_USER_PATHS = NO;
				CLANG_ANALYZER_NONNULL = YES;
				CLANG_ANALYZER_NUMBER_OBJECT_CONVERSION = YES_AGGRESSIVE;
				CLANG_CXX_LANGUAGE_STANDARD = "gnu++14";
				CLANG_CXX_LIBRARY = "libc++";
				CLANG_ENABLE_MODULES = YES;
				CLANG_ENABLE_OBJC_ARC = YES;
				CLANG_ENABLE_OBJC_WEAK = YES;
				CLANG_WARN_BLOCK_CAPTURE_AUTORELEASING = YES;
				CLANG_WARN_BOOL_CONVERSION = YES;
				CLANG_WARN_COMMA = YES;
				CLANG_WARN_CONSTANT_CONVERSION = YES;
				CLANG_WARN_DEPRECATED_OBJC_IMPLEMENTATIONS = YES;
				CLANG_WARN_DIRECT_OBJC_ISA_USAGE = YES_ERROR;
				CLANG_WARN_DOCUMENTATION_COMMENTS = YES;
				CLANG_WARN_EMPTY_BODY = YES;
				CLANG_WARN_ENUM_CONVERSION = YES;
				CLANG_WARN_INFINITE_RECURSION = YES;
				CLANG_WARN_INT_CONVERSION = YES;
				CLANG_WARN_NON_LITERAL_NULL_CONVERSION = YES;
				CLANG_WARN_OBJC_IMPLICIT_RETAIN_SELF = YES;
				CLANG_WARN_OBJC_LITERAL_CONVERSION = YES;
				CLANG_WARN_OBJC_ROOT_CLASS = YES_ERROR;
				CLANG_WARN_RANGE_LOOP_ANALYSIS = YES;
				CLANG_WARN_STRICT_PROTOTYPES = YES;
				CLANG_WARN_SUSPICIOUS_MOVE = YES;
				CLANG_WARN_UNGUARDED_AVAILABILITY = YES_AGGRESSIVE;
				CLANG_WARN_UNREACHABLE_CODE = YES;
				CLANG_WARN__DUPLICATE_METHOD_MATCH = YES;
				CODE_SIGN_IDENTITY = "iPhone Developer";
				COPY_PHASE_STRIP = NO;
				DEBUG_INFORMATION_FORMAT = "dwarf-with-dsym";
				ENABLE_NS_ASSERTIONS = NO;
				ENABLE_STRICT_OBJC_MSGSEND = YES;
				GCC_C_LANGUAGE_STANDARD = gnu11;
				GCC_NO_COMMON_BLOCKS = YES;
				GCC_WARN_64_TO_32_BIT_CONVERSION = YES;
				GCC_WARN_ABOUT_RETURN_TYPE = YES_ERROR;
				GCC_WARN_UNDECLARED_SELECTOR = YES;
				GCC_WARN_UNINITIALIZED_AUTOS = YES_AGGRESSIVE;
				GCC_WARN_UNUSED_FUNCTION = YES;
				GCC_WARN_UNUSED_VARIABLE = YES;
				IPHONEOS_DEPLOYMENT_TARGET = 11.4;
				MTL_ENABLE_DEBUG_INFO = NO;
				SDKROOT = iphoneos;
				VALIDATE_PRODUCT = YES;
			};
			name = Release;
		};
		A8345C9A20F487A2002BB6AE /* Debug */ = {
			isa = XCBuildConfiguration;
			buildSettings = {
				ASSETCATALOG_COMPILER_APPICON_NAME = AppIcon;
				CODE_SIGN_STYLE = Automatic;
				INFOPLIST_FILE = JsWebView/Info.plist;
				LD_RUNPATH_SEARCH_PATHS = (
					"$(inherited)",
					"@executable_path/Frameworks",
				);
				PRODUCT_BUNDLE_IDENTIFIER = com.liuhx.JsWebView;
				PRODUCT_NAME = "$(TARGET_NAME)";
				TARGETED_DEVICE_FAMILY = "1,2";
			};
			name = Debug;
		};
		A8345C9B20F487A2002BB6AE /* Release */ = {
			isa = XCBuildConfiguration;
			buildSettings = {
				ASSETCATALOG_COMPILER_APPICON_NAME = AppIcon;
				CODE_SIGN_STYLE = Automatic;
				INFOPLIST_FILE = JsWebView/Info.plist;
				LD_RUNPATH_SEARCH_PATHS = (
					"$(inherited)",
					"@executable_path/Frameworks",
				);
				PRODUCT_BUNDLE_IDENTIFIER = com.liuhx.JsWebView;
				PRODUCT_NAME = "$(TARGET_NAME)";
				TARGETED_DEVICE_FAMILY = "1,2";
			};
			name = Release;
		};
/* End XCBuildConfiguration section */

/* Begin XCConfigurationList section */
		A8345C7E20F487A1002BB6AE /* Build configuration list for PBXProject "JsWebView" */ = {
			isa = XCConfigurationList;
			buildConfigurations = (
				A8345C9720F487A2002BB6AE /* Debug */,
				A8345C9820F487A2002BB6AE /* Release */,
			);
			defaultConfigurationIsVisible = 0;
			defaultConfigurationName = Release;
		};
		A8345C9920F487A2002BB6AE /* Build configuration list for PBXNativeTarget "JsWebView" */ = {
			isa = XCConfigurationList;
			buildConfigurations = (
				A8345C9A20F487A2002BB6AE /* Debug */,
				A8345C9B20F487A2002BB6AE /* Release */,
			);
			defaultConfigurationIsVisible = 0;
			defaultConfigurationName = Release;
		};
/* End XCConfigurationList section */
	};
	rootObject = A8345C7B20F487A1002BB6AE /* Project object */;
}
